
Microsoft Visual Studio Solution File, Format Version 12.00
# Visual Studio Version 16
VisualStudioVersion = 16.0.30225.117
MinimumVisualStudioVersion = 10.0.40219.1
Project("{FAE04EC0-301F-11D3-BF4B-00C04F79EFBC}") = "ASPNETIdentity", "ASPNETIdentity\ASPNETIdentity.csproj", "{E7C68C2A-50C4-4440-88F1-206340635F6E}"
EndProject
Global
	GlobalSection(SolutionConfigurationPlatforms) = preSolution
		Debug|Any CPU = Debug|Any CPU
		Release|Any CPU = Release|Any CPU
	EndGlobalSection
	GlobalSection(ProjectConfigurationPlatforms) = postSolution
		{E7C68C2A-50C4-4440-88F1-206340635F6E}.Debug|Any CPU.ActiveCfg = Debug|Any CPU
		{E7C68C2A-50C4-4440-88F1-206340635F6E}.Debug|Any CPU.Build.0 = Debug|Any CPU
		{E7C68C2A-50C4-4440-88F1-206340635F6E}.Release|Any CPU.ActiveCfg = Release|Any CPU
		{E7C68C2A-50C4-4440-88F1-206340635F6E}.Release|Any CPU.Build.0 = Release|Any CPU
	EndGlobalSection
	GlobalSection(SolutionProperties) = preSolution
		HideSolutionNode = FALSE
	EndGlobalSection
	GlobalSection(ExtensibilityGlobals) = postSolution
		SolutionGuid = {8D83D7AE-9ADE-41EE-8E11-D5AA5C777065}
	EndGlobalSection
EndGlobal
